
Microsoft Visual Studio Solution File, Format Version 12.00
# Visual Studio 15
VisualStudioVersion = 15.0.26730.15
MinimumVisualStudioVersion = 10.0.40219.1
Project("{FAE04EC0-301F-11D3-BF4B-00C04F79EFBC}") = "StarcounterAsyncHandlers.Examples", "StarcounterAsyncHandlers.Examples\StarcounterAsyncHandlers.Examples.csproj", "{8555655C-77EE-4769-8DE2-B30818725E82}"
EndProject
Project("{2150E333-8FDC-42A3-9474-1A3956D46DE8}") = "Solution Items", "Solution Items", "{5DB9036D-EDF3-4EE1-9EAD-DE2122913BC2}"
	ProjectSection(SolutionItems) = preProject
		LICENSE = LICENSE
		README.md = README.md
	EndProjectSection
EndProject
Project("{FAE04EC0-301F-11D3-BF4B-00C04F79EFBC}") = "StarcounterAsyncHandlers", "StarcounterAsyncHandlers\StarcounterAsyncHandlers.csproj", "{FF5A3F5E-80FB-46F9-846C-4FD29DC86A45}"
EndProject
Global
	GlobalSection(SolutionConfigurationPlatforms) = preSolution
		Debug|Any CPU = Debug|Any CPU
		Debug|x64 = Debug|x64
		Release|Any CPU = Release|Any CPU
		Release|x64 = Release|x64
	EndGlobalSection
	GlobalSection(ProjectConfigurationPlatforms) = postSolution
		{8555655C-77EE-4769-8DE2-B30818725E82}.Debug|Any CPU.ActiveCfg = Debug|x64
		{8555655C-77EE-4769-8DE2-B30818725E82}.Debug|x64.ActiveCfg = Debug|x64
		{8555655C-77EE-4769-8DE2-B30818725E82}.Debug|x64.Build.0 = Debug|x64
		{8555655C-77EE-4769-8DE2-B30818725E82}.Release|Any CPU.ActiveCfg = Release|x64
		{8555655C-77EE-4769-8DE2-B30818725E82}.Release|x64.ActiveCfg = Release|x64
		{8555655C-77EE-4769-8DE2-B30818725E82}.Release|x64.Build.0 = Release|x64
		{FF5A3F5E-80FB-46F9-846C-4FD29DC86A45}.Debug|Any CPU.ActiveCfg = Debug|Any CPU
		{FF5A3F5E-80FB-46F9-846C-4FD29DC86A45}.Debug|Any CPU.Build.0 = Debug|Any CPU
		{FF5A3F5E-80FB-46F9-846C-4FD29DC86A45}.Debug|x64.ActiveCfg = Debug|Any CPU
		{FF5A3F5E-80FB-46F9-846C-4FD29DC86A45}.Debug|x64.Build.0 = Debug|Any CPU
		{FF5A3F5E-80FB-46F9-846C-4FD29DC86A45}.Release|Any CPU.ActiveCfg = Release|Any CPU
		{FF5A3F5E-80FB-46F9-846C-4FD29DC86A45}.Release|Any CPU.Build.0 = Release|Any CPU
		{FF5A3F5E-80FB-46F9-846C-4FD29DC86A45}.Release|x64.ActiveCfg = Release|Any CPU
		{FF5A3F5E-80FB-46F9-846C-4FD29DC86A45}.Release|x64.Build.0 = Release|Any CPU
	EndGlobalSection
	GlobalSection(SolutionProperties) = preSolution
		HideSolutionNode = FALSE
	EndGlobalSection
	GlobalSection(ExtensibilityGlobals) = postSolution
		SolutionGuid = {04AC75ED-A1CA-4E13-91A5-BF7BDDE7B184}
	EndGlobalSection
EndGlobal
